
Microsoft Visual Studio Solution File, Format Version 12.00
# Visual Studio Version 17
VisualStudioVersion = 17.0.31903.59
MinimumVisualStudioVersion = 10.0.40219.1
Project("{FAE04EC0-301F-11D3-BF4B-00C04F79EFBC}") = "FluentListView", "FluentListView\FluentListView.csproj", "{7410CA52-64B8-4801-86AA-DC97D6D128BD}"
EndProject
Project("{FAE04EC0-301F-11D3-BF4B-00C04F79EFBC}") = "FluentListView.Examples", "FLuentListView.Examples\FluentListView.Examples.csproj", "{E509EFA1-B400-49F1-92C2-B432E14FA08C}"
EndProject
Global
	GlobalSection(SolutionConfigurationPlatforms) = preSolution
		Debug|Any CPU = Debug|Any CPU
		Release|Any CPU = Release|Any CPU
	EndGlobalSection
	GlobalSection(SolutionProperties) = preSolution
		HideSolutionNode = FALSE
	EndGlobalSection
	GlobalSection(ProjectConfigurationPlatforms) = postSolution
		{7410CA52-64B8-4801-86AA-DC97D6D128BD}.Debug|Any CPU.ActiveCfg = Debug|Any CPU
		{7410CA52-64B8-4801-86AA-DC97D6D128BD}.Debug|Any CPU.Build.0 = Debug|Any CPU
		{7410CA52-64B8-4801-86AA-DC97D6D128BD}.Release|Any CPU.ActiveCfg = Release|Any CPU
		{7410CA52-64B8-4801-86AA-DC97D6D128BD}.Release|Any CPU.Build.0 = Release|Any CPU
		{E509EFA1-B400-49F1-92C2-B432E14FA08C}.Debug|Any CPU.ActiveCfg = Debug|Any CPU
		{E509EFA1-B400-49F1-92C2-B432E14FA08C}.Debug|Any CPU.Build.0 = Debug|Any CPU
		{E509EFA1-B400-49F1-92C2-B432E14FA08C}.Release|Any CPU.ActiveCfg = Release|Any CPU
		{E509EFA1-B400-49F1-92C2-B432E14FA08C}.Release|Any CPU.Build.0 = Release|Any CPU
	EndGlobalSection
EndGlobal
